
Microsoft Visual Studio Solution File, Format Version 12.00
# Visual Studio Version 16
VisualStudioVersion = 16.0.30717.126
MinimumVisualStudioVersion = 10.0.40219.1
Project("{FAE04EC0-301F-11D3-BF4B-00C04F79EFBC}") = "MyTestProgram", "MyTestProgram.csproj", "{E45C1611-5EB1-4D78-8AB6-80955CECECE1}"
EndProject
Global
	GlobalSection(SolutionConfigurationPlatforms) = preSolution
		Debug|Any CPU = Debug|Any CPU
		Release|Any CPU = Release|Any CPU
	EndGlobalSection
	GlobalSection(ProjectConfigurationPlatforms) = postSolution
		{E45C1611-5EB1-4D78-8AB6-80955CECECE1}.Debug|Any CPU.ActiveCfg = Debug|Any CPU
		{E45C1611-5EB1-4D78-8AB6-80955CECECE1}.Debug|Any CPU.Build.0 = Debug|Any CPU
		{E45C1611-5EB1-4D78-8AB6-80955CECECE1}.Release|Any CPU.ActiveCfg = Release|Any CPU
		{E45C1611-5EB1-4D78-8AB6-80955CECECE1}.Release|Any CPU.Build.0 = Release|Any CPU
	EndGlobalSection
	GlobalSection(SolutionProperties) = preSolution
		HideSolutionNode = FALSE
	EndGlobalSection
	GlobalSection(ExtensibilityGlobals) = postSolution
		SolutionGuid = {31D503D8-8781-4C8F-8271-D1F72B44FBE5}
	EndGlobalSection
EndGlobal
